{
    "_readme": [
        "This file locks the dependencies of your project to a known state",
        "Read more about it at https://getcomposer.org/doc/01-basic-usage.md#installing-dependencies",
        "This file is @generated automatically"
    ],
    "content-hash": "dc6870a60416faf2f2664a5ce27eaaeb",
    "packages": [
        {
            "name": "glowieframework/glowie-core",
            "version": "dev-main",
            "source": {
                "type": "git",
                "url": "https://github.com/glowieframework/glowie-core.git",
                "reference": "0635edecc0f324745f67d94e3a6a870dadcd0622"
            },
            "dist": {
                "type": "zip",
                "url": "https://api.github.com/repos/glowieframework/glowie-core/zipball/0635edecc0f324745f67d94e3a6a870dadcd0622",
                "reference": "0635edecc0f324745f67d94e3a6a870dadcd0622",
                "shasum": ""
            },
            "default-branch": true,
            "type": "library",
            "autoload": {
                "psr-4": {
                    "Glowie\\Core\\": "src/"
                },
                "files": [
                    "src/Babel.php",
                    "src/Util.php"
                ]
            },
            "notification-url": "https://packagist.org/downloads/",
            "license": [
                "MIT"
            ],
            "authors": [
                {
                    "name": "Glowie",
                    "email": "dev@glowie.tk",
                    "homepage": "https://glowie.tk"
                }
            ],
            "description": "Glowie core modules and application bootstrapper",
            "homepage": "https://glowie.tk",
            "keywords": [
                "framework",
                "glowie",
                "mvc"
            ],
            "support": {
                "issues": "https://github.com/glowieframework/glowie-core/issues",
                "source": "https://github.com/glowieframework/glowie-core"
            },
            "time": "2021-06-29T23:37:15+00:00"
        }
    ],
    "packages-dev": [],
    "aliases": [],
    "minimum-stability": "dev",
    "stability-flags": {
        "glowieframework/glowie-core": 20
    },
    "prefer-stable": true,
    "prefer-lowest": false,
    "platform": {
        "php": "^7.4|^8.0"
    },
    "platform-dev": [],
    "plugin-api-version": "2.0.0"
}
