{
    "_readme": [
        "This file locks the dependencies of your project to a known state",
        "Read more about it at https://getcomposer.org/doc/01-basic-usage.md#installing-dependencies",
        "This file is @generated automatically"
    ],
    "content-hash": "0760364a4377f45356ab02d61f71ee98",
    "packages": [
        {
            "name": "glowieframework/glowie-core",
            "version": "dev-main",
            "source": {
                "type": "git",
                "url": "https://github.com/glowieframework/glowie-core.git",
                "reference": "95ffc039dd81f5919e77a372b0f0c9f1d98d9f19"
            },
            "dist": {
                "type": "zip",
                "url": "https://api.github.com/repos/glowieframework/glowie-core/zipball/95ffc039dd81f5919e77a372b0f0c9f1d98d9f19",
                "reference": "95ffc039dd81f5919e77a372b0f0c9f1d98d9f19",
                "shasum": ""
            },
            "require": {
                "thingengineer/mysqli-database-class": "2.9.3"
            },
            "default-branch": true,
            "type": "library",
            "autoload": {
                "files": [
                    "src/Error.php",
                    "src/Util.php",
                    "src/Objectify.php",
                    "src/Rails.php",
                    "src/Skeltch.php",
                    "src/Controller.php",
                    "src/View.php",
                    "src/Template.php",
                    "src/Session.php",
                    "src/Crawler.php",
                    "src/Kraken.php",
                    "src/Validator.php",
                    "src/Uploader.php",
                    "src/Babel.php",
                    "src/Application.php"
                ]
            },
            "notification-url": "https://packagist.org/downloads/",
            "license": [
                "MIT"
            ],
            "authors": [
                {
                    "name": "Glowie",
                    "email": "dev@glowie.tk",
                    "homepage": "https://glowie.tk"
                }
            ],
            "description": "Glowie core modules and application bootstrapper",
            "homepage": "https://glowie.tk",
            "keywords": [
                "framework",
                "glowie",
                "mvc"
            ],
            "support": {
                "issues": "https://github.com/glowieframework/glowie-core/issues",
                "source": "https://github.com/glowieframework/glowie-core"
            },
            "time": "2021-02-21T21:59:37+00:00"
        },
        {
            "name": "thingengineer/mysqli-database-class",
            "version": "v2.9.3",
            "source": {
                "type": "git",
                "url": "https://github.com/ThingEngineer/PHP-MySQLi-Database-Class.git",
                "reference": "03dbce1c7f1c9def315ad8ef52e1f5c0a806d6ed"
            },
            "dist": {
                "type": "zip",
                "url": "https://api.github.com/repos/ThingEngineer/PHP-MySQLi-Database-Class/zipball/03dbce1c7f1c9def315ad8ef52e1f5c0a806d6ed",
                "reference": "03dbce1c7f1c9def315ad8ef52e1f5c0a806d6ed",
                "shasum": ""
            },
            "require": {
                "php": ">=5.3.0"
            },
            "type": "library",
            "autoload": {
                "files": [
                    "MysqliDb.php",
                    "dbObject.php"
                ]
            },
            "notification-url": "https://packagist.org/downloads/",
            "license": [
                "GPL-3.0-or-later"
            ],
            "authors": [
                {
                    "name": "Josh Campbell",
                    "email": "josh.lee.campbell@gmail.com",
                    "homepage": "https://github.com/thingengineer",
                    "role": "Developer"
                },
                {
                    "name": "Alexander V. Butenko",
                    "email": "a.butenka@gmail.com",
                    "homepage": "http://smarttechdo.com",
                    "role": "Developer"
                }
            ],
            "description": "PHP MySQL Wrapper and object mapper which utilizes MySQLi and prepared statements",
            "support": {
                "issues": "https://github.com/ThingEngineer/PHP-MySQLi-Database-Class/issues",
                "source": "https://github.com/ThingEngineer/PHP-MySQLi-Database-Class/tree/v2.9.3"
            },
            "time": "2019-08-24T09:28:56+00:00"
        }
    ],
    "packages-dev": [],
    "aliases": [],
    "minimum-stability": "dev",
    "stability-flags": {
        "glowieframework/glowie-core": 20
    },
    "prefer-stable": true,
    "prefer-lowest": false,
    "platform": [],
    "platform-dev": [],
    "plugin-api-version": "2.0.0"
}
